
Microsoft Visual Studio Solution File, Format Version 12.00
# Visual Studio Version 16
VisualStudioVersion = 16.0.29324.140
MinimumVisualStudioVersion = 10.0.40219.1
Project("{FAE04EC0-301F-11D3-BF4B-00C04F79EFBC}") = "ConsoleGames", "ConsoleGames\ConsoleGames.csproj", "{DA17658F-E29E-4FE4-9A6B-995C73075B32}"
EndProject
Global
	GlobalSection(SolutionConfigurationPlatforms) = preSolution
		Debug|Any CPU = Debug|Any CPU
		Release|Any CPU = Release|Any CPU
	EndGlobalSection
	GlobalSection(ProjectConfigurationPlatforms) = postSolution
		{DA17658F-E29E-4FE4-9A6B-995C73075B32}.Debug|Any CPU.ActiveCfg = Debug|Any CPU
		{DA17658F-E29E-4FE4-9A6B-995C73075B32}.Debug|Any CPU.Build.0 = Debug|Any CPU
		{DA17658F-E29E-4FE4-9A6B-995C73075B32}.Release|Any CPU.ActiveCfg = Release|Any CPU
		{DA17658F-E29E-4FE4-9A6B-995C73075B32}.Release|Any CPU.Build.0 = Release|Any CPU
	EndGlobalSection
	GlobalSection(SolutionProperties) = preSolution
		HideSolutionNode = FALSE
	EndGlobalSection
	GlobalSection(ExtensibilityGlobals) = postSolution
		SolutionGuid = {73304A1B-9302-4F0A-99BD-E94A27A4BCAF}
	EndGlobalSection
EndGlobal
